github.com/confluentinc/confluent-kafka-go v0.11.6 h1:rEblubnNXCjRThwAGnFSzLKYIRAoXLDC3A9r4ciziHU=
github.com/confluentinc/confluent-kafka-go v0.11.6/go.mod h1:u2zNLny2xq+5rWeTQjFHbDzzNuba4P1vo31r9r4uAdg=
github.com/wicknicks/sol v0.0.0-20181225071422-5e58ff2f139e h1:r8KAHZLB0+CJWLlq1eGRHfkY54aLpow0nyF09sztQN0=
